
Microsoft Visual Studio Solution File, Format Version 12.00
# Visual Studio 14
VisualStudioVersion = 14.0.25420.1
MinimumVisualStudioVersion = 10.0.40219.1
Project("{FAE04EC0-301F-11D3-BF4B-00C04F79EFBC}") = "TP Montecarlo", "TP Montecarlo\TP Montecarlo.csproj", "{2D528722-642C-4C32-8273-66470EEB8CC3}"
EndProject
Project("{2150E333-8FDC-42A3-9474-1A3956D46DE8}") = "Negocio", "Negocio", "{ED191427-7B09-4D29-857F-7A0EE13CF7B0}"
EndProject
Project("{FAE04EC0-301F-11D3-BF4B-00C04F79EFBC}") = "Montecarlo", "Negocio\Montecarlo\Montecarlo.csproj", "{15152027-0B3E-4169-A413-D76883FC8DC7}"
EndProject
Global
	GlobalSection(SolutionConfigurationPlatforms) = preSolution
		Debug|Any CPU = Debug|Any CPU
		Release|Any CPU = Release|Any CPU
	EndGlobalSection
	GlobalSection(ProjectConfigurationPlatforms) = postSolution
		{2D528722-642C-4C32-8273-66470EEB8CC3}.Debug|Any CPU.ActiveCfg = Debug|Any CPU
		{2D528722-642C-4C32-8273-66470EEB8CC3}.Debug|Any CPU.Build.0 = Debug|Any CPU
		{2D528722-642C-4C32-8273-66470EEB8CC3}.Release|Any CPU.ActiveCfg = Release|Any CPU
		{2D528722-642C-4C32-8273-66470EEB8CC3}.Release|Any CPU.Build.0 = Release|Any CPU
		{15152027-0B3E-4169-A413-D76883FC8DC7}.Debug|Any CPU.ActiveCfg = Debug|Any CPU
		{15152027-0B3E-4169-A413-D76883FC8DC7}.Debug|Any CPU.Build.0 = Debug|Any CPU
		{15152027-0B3E-4169-A413-D76883FC8DC7}.Release|Any CPU.ActiveCfg = Release|Any CPU
		{15152027-0B3E-4169-A413-D76883FC8DC7}.Release|Any CPU.Build.0 = Release|Any CPU
	EndGlobalSection
	GlobalSection(SolutionProperties) = preSolution
		HideSolutionNode = FALSE
	EndGlobalSection
	GlobalSection(NestedProjects) = preSolution
		{15152027-0B3E-4169-A413-D76883FC8DC7} = {ED191427-7B09-4D29-857F-7A0EE13CF7B0}
	EndGlobalSection
EndGlobal
